
Microsoft Visual Studio Solution File, Format Version 12.00
# Visual Studio Version 16
VisualStudioVersion = 16.0.32602.291
MinimumVisualStudioVersion = 10.0.40219.1
Project("{8BC9CEB8-8B4A-11D0-8D11-00A0C91BC942}") = "02_PrototypePattern", "02_PrototypePattern\02_PrototypePattern.vcxproj", "{FA3AB78F-EFE0-4494-99D8-DB904B58E8EB}"
EndProject
Project("{8BC9CEB8-8B4A-11D0-8D11-00A0C91BC942}") = "01_SimpleFactoryPattern", "01_SimpleFactoryPattern\01_SimpleFactoryPattern.vcxproj", "{19664D58-E7B0-4E9A-8F42-FE48275F42E3}"
EndProject
Project("{8BC9CEB8-8B4A-11D0-8D11-00A0C91BC942}") = "03_FactoryPattern", "03_FactoryPattern\03_FactoryPattern.vcxproj", "{5857FBA9-30E0-4A10-9BEB-A9D3A7C97828}"
EndProject
Project("{8BC9CEB8-8B4A-11D0-8D11-00A0C91BC942}") = "04_AbstractFactoryPattern", "04_AbstractFactoryPattern\04_AbstractFactoryPattern.vcxproj", "{E07B2B68-100D-4C7B-9455-0D977195DB00}"
EndProject
Project("{8BC9CEB8-8B4A-11D0-8D11-00A0C91BC942}") = "demo", "demo\demo.vcxproj", "{631E1436-042F-490C-830B-7D49449E456C}"
EndProject
Project("{8BC9CEB8-8B4A-11D0-8D11-00A0C91BC942}") = "05_PrototypePattern", "5_PrototypePattern\5_PrototypePattern.vcxproj", "{FD172C6D-C710-4C60-9AAF-317AA1F12040}"
EndProject
Project("{8BC9CEB8-8B4A-11D0-8D11-00A0C91BC942}") = "06_BuildPattern", "06_BuildPattern\06_BuildPattern.vcxproj", "{07B092E4-BEA7-4516-8F34-503A94AD8C61}"
EndProject
Project("{8BC9CEB8-8B4A-11D0-8D11-00A0C91BC942}") = "07_StrategyPattern", "07_StrategyPattern\07_StrategyPattern.vcxproj", "{3ABCD62E-6D92-4226-8EC1-E2786B930B5E}"
EndProject
Project("{8BC9CEB8-8B4A-11D0-8D11-00A0C91BC942}") = "08_ObserverPattern", "08_ObserverPattern\08_ObserverPattern.vcxproj", "{B23593C3-41EB-4987-83BD-6DD199B12955}"
EndProject
Project("{8BC9CEB8-8B4A-11D0-8D11-00A0C91BC942}") = "09_DecoratePattern", "09_DecoratePattern\09_DecoratePattern.vcxproj", "{0D7CB2FB-C5A4-40A6-BBF5-A8D6A443004C}"
EndProject
Project("{8BC9CEB8-8B4A-11D0-8D11-00A0C91BC942}") = "10_SingletonPattern", "10_SingletonPattern\10_SingletonPattern.vcxproj", "{62823BDD-3991-467A-A442-3734C57B0F23}"
EndProject
Project("{8BC9CEB8-8B4A-11D0-8D11-00A0C91BC942}") = "11_FacadePattern", "11_FacadePattern\11_FacadePattern.vcxproj", "{28085340-35AA-456B-AF29-8437CB7CE561}"
EndProject
Project("{8BC9CEB8-8B4A-11D0-8D11-00A0C91BC942}") = "12_CommandPattern", "12_CommandPattern\12_CommandPattern.vcxproj", "{F919E780-E76A-41D3-8691-340FC01C7850}"
EndProject
Project("{8BC9CEB8-8B4A-11D0-8D11-00A0C91BC942}") = "13_IteratorPattern", "13_IteratorPattern\13_IteratorPattern.vcxproj", "{DB7E33F2-95BB-460E-8E2B-DC09D8819D02}"
EndProject
Project("{8BC9CEB8-8B4A-11D0-8D11-00A0C91BC942}") = "14_CompositePattern", "14_CompositePattern\14_CompositePattern.vcxproj", "{79E3A801-9212-4150-83E8-2D84DFFA182A}"
EndProject
Project("{8BC9CEB8-8B4A-11D0-8D11-00A0C91BC942}") = "15_StatusPattern", "15_StatusPattern\15_StatusPattern.vcxproj", "{6994407D-CE62-418E-AAB3-5268CEE05CE8}"
EndProject
Project("{8BC9CEB8-8B4A-11D0-8D11-00A0C91BC942}") = "16_FlyWeightPattern", "16_FlyWeightPattern\16_FlyWeightPattern.vcxproj", "{8ADBD98B-833E-48A1-9259-FFC61DD27A9B}"
EndProject
Project("{8BC9CEB8-8B4A-11D0-8D11-00A0C91BC942}") = "17_ProxyPattern", "17_ProxyPattern\17_ProxyPattern.vcxproj", "{D0F64BEC-D5C5-472A-8DA9-9B154F43F4B9}"
EndProject
Project("{8BC9CEB8-8B4A-11D0-8D11-00A0C91BC942}") = "18_AdapterPattern", "18_AdapterPattern\18_AdapterPattern.vcxproj", "{5F10CC0A-5473-4517-B49C-BFB1A8774404}"
EndProject
Project("{8BC9CEB8-8B4A-11D0-8D11-00A0C91BC942}") = "19_BridgePattern", "19_BridgePattern\19_BridgePattern.vcxproj", "{DAD275E8-1C91-4C7D-BB9E-C5FCE7564BAC}"
EndProject
Project("{8BC9CEB8-8B4A-11D0-8D11-00A0C91BC942}") = "20_MediatorPattern", "20_MediatorPattern\20_MediatorPattern.vcxproj", "{FFBC8AEE-D9AB-4DB6-AB47-28A519B55552}"
EndProject
Project("{8BC9CEB8-8B4A-11D0-8D11-00A0C91BC942}") = "21_MementoPattern", "21_MementoPattern\21_MementoPattern.vcxproj", "{1777ABBE-EC62-4B45-BF5B-67B9CCB12248}"
EndProject
Project("{8BC9CEB8-8B4A-11D0-8D11-00A0C91BC942}") = "22_ChainOfResponsibilityPattern", "22_ChainOfResponsibilityPattern\22_ChainOfResponsibilityPattern.vcxproj", "{FE8D03FC-64EF-4FA1-BD3D-1C779ED07E78}"
EndProject
Project("{8BC9CEB8-8B4A-11D0-8D11-00A0C91BC942}") = "23_VisitorPattern", "23_VisitorPattern\23_VisitorPattern.vcxproj", "{9A55B18A-CECD-4456-AB5A-CEBD6F9F86DA}"
EndProject
Project("{8BC9CEB8-8B4A-11D0-8D11-00A0C91BC942}") = "24_InterpretPattern", "24_InterpretPattern\24_InterpretPattern.vcxproj", "{21A09557-5641-4FC9-B8F7-60F24D52C277}"
EndProject
Global
	GlobalSection(SolutionConfigurationPlatforms) = preSolution
		Debug|x64 = Debug|x64
		Debug|x86 = Debug|x86
		Release|x64 = Release|x64
		Release|x86 = Release|x86
	EndGlobalSection
	GlobalSection(ProjectConfigurationPlatforms) = postSolution
		{FA3AB78F-EFE0-4494-99D8-DB904B58E8EB}.Debug|x64.ActiveCfg = Debug|x64
		{FA3AB78F-EFE0-4494-99D8-DB904B58E8EB}.Debug|x64.Build.0 = Debug|x64
		{FA3AB78F-EFE0-4494-99D8-DB904B58E8EB}.Debug|x86.ActiveCfg = Debug|Win32
		{FA3AB78F-EFE0-4494-99D8-DB904B58E8EB}.Debug|x86.Build.0 = Debug|Win32
		{FA3AB78F-EFE0-4494-99D8-DB904B58E8EB}.Release|x64.ActiveCfg = Release|x64
		{FA3AB78F-EFE0-4494-99D8-DB904B58E8EB}.Release|x64.Build.0 = Release|x64
		{FA3AB78F-EFE0-4494-99D8-DB904B58E8EB}.Release|x86.ActiveCfg = Release|Win32
		{FA3AB78F-EFE0-4494-99D8-DB904B58E8EB}.Release|x86.Build.0 = Release|Win32
		{19664D58-E7B0-4E9A-8F42-FE48275F42E3}.Debug|x64.ActiveCfg = Debug|x64
		{19664D58-E7B0-4E9A-8F42-FE48275F42E3}.Debug|x64.Build.0 = Debug|x64
		{19664D58-E7B0-4E9A-8F42-FE48275F42E3}.Debug|x86.ActiveCfg = Debug|Win32
		{19664D58-E7B0-4E9A-8F42-FE48275F42E3}.Debug|x86.Build.0 = Debug|Win32
		{19664D58-E7B0-4E9A-8F42-FE48275F42E3}.Release|x64.ActiveCfg = Release|x64
		{19664D58-E7B0-4E9A-8F42-FE48275F42E3}.Release|x64.Build.0 = Release|x64
		{19664D58-E7B0-4E9A-8F42-FE48275F42E3}.Release|x86.ActiveCfg = Release|Win32
		{19664D58-E7B0-4E9A-8F42-FE48275F42E3}.Release|x86.Build.0 = Release|Win32
		{5857FBA9-30E0-4A10-9BEB-A9D3A7C97828}.Debug|x64.ActiveCfg = Debug|x64
		{5857FBA9-30E0-4A10-9BEB-A9D3A7C97828}.Debug|x64.Build.0 = Debug|x64
		{5857FBA9-30E0-4A10-9BEB-A9D3A7C97828}.Debug|x86.ActiveCfg = Debug|Win32
		{5857FBA9-30E0-4A10-9BEB-A9D3A7C97828}.Debug|x86.Build.0 = Debug|Win32
		{5857FBA9-30E0-4A10-9BEB-A9D3A7C97828}.Release|x64.ActiveCfg = Release|x64
		{5857FBA9-30E0-4A10-9BEB-A9D3A7C97828}.Release|x64.Build.0 = Release|x64
		{5857FBA9-30E0-4A10-9BEB-A9D3A7C97828}.Release|x86.ActiveCfg = Release|Win32
		{5857FBA9-30E0-4A10-9BEB-A9D3A7C97828}.Release|x86.Build.0 = Release|Win32
		{E07B2B68-100D-4C7B-9455-0D977195DB00}.Debug|x64.ActiveCfg = Debug|x64
		{E07B2B68-100D-4C7B-9455-0D977195DB00}.Debug|x64.Build.0 = Debug|x64
		{E07B2B68-100D-4C7B-9455-0D977195DB00}.Debug|x86.ActiveCfg = Debug|Win32
		{E07B2B68-100D-4C7B-9455-0D977195DB00}.Debug|x86.Build.0 = Debug|Win32
		{E07B2B68-100D-4C7B-9455-0D977195DB00}.Release|x64.ActiveCfg = Release|x64
		{E07B2B68-100D-4C7B-9455-0D977195DB00}.Release|x64.Build.0 = Release|x64
		{E07B2B68-100D-4C7B-9455-0D977195DB00}.Release|x86.ActiveCfg = Release|Win32
		{E07B2B68-100D-4C7B-9455-0D977195DB00}.Release|x86.Build.0 = Release|Win32
		{631E1436-042F-490C-830B-7D49449E456C}.Debug|x64.ActiveCfg = Debug|x64
		{631E1436-042F-490C-830B-7D49449E456C}.Debug|x64.Build.0 = Debug|x64
		{631E1436-042F-490C-830B-7D49449E456C}.Debug|x86.ActiveCfg = Debug|Win32
		{631E1436-042F-490C-830B-7D49449E456C}.Debug|x86.Build.0 = Debug|Win32
		{631E1436-042F-490C-830B-7D49449E456C}.Release|x64.ActiveCfg = Release|x64
		{631E1436-042F-490C-830B-7D49449E456C}.Release|x64.Build.0 = Release|x64
		{631E1436-042F-490C-830B-7D49449E456C}.Release|x86.ActiveCfg = Release|Win32
		{631E1436-042F-490C-830B-7D49449E456C}.Release|x86.Build.0 = Release|Win32
		{FD172C6D-C710-4C60-9AAF-317AA1F12040}.Debug|x64.ActiveCfg = Debug|x64
		{FD172C6D-C710-4C60-9AAF-317AA1F12040}.Debug|x64.Build.0 = Debug|x64
		{FD172C6D-C710-4C60-9AAF-317AA1F12040}.Debug|x86.ActiveCfg = Debug|Win32
		{FD172C6D-C710-4C60-9AAF-317AA1F12040}.Debug|x86.Build.0 = Debug|Win32
		{FD172C6D-C710-4C60-9AAF-317AA1F12040}.Release|x64.ActiveCfg = Release|x64
		{FD172C6D-C710-4C60-9AAF-317AA1F12040}.Release|x64.Build.0 = Release|x64
		{FD172C6D-C710-4C60-9AAF-317AA1F12040}.Release|x86.ActiveCfg = Release|Win32
		{FD172C6D-C710-4C60-9AAF-317AA1F12040}.Release|x86.Build.0 = Release|Win32
		{07B092E4-BEA7-4516-8F34-503A94AD8C61}.Debug|x64.ActiveCfg = Debug|x64
		{07B092E4-BEA7-4516-8F34-503A94AD8C61}.Debug|x64.Build.0 = Debug|x64
		{07B092E4-BEA7-4516-8F34-503A94AD8C61}.Debug|x86.ActiveCfg = Debug|Win32
		{07B092E4-BEA7-4516-8F34-503A94AD8C61}.Debug|x86.Build.0 = Debug|Win32
		{07B092E4-BEA7-4516-8F34-503A94AD8C61}.Release|x64.ActiveCfg = Release|x64
		{07B092E4-BEA7-4516-8F34-503A94AD8C61}.Release|x64.Build.0 = Release|x64
		{07B092E4-BEA7-4516-8F34-503A94AD8C61}.Release|x86.ActiveCfg = Release|Win32
		{07B092E4-BEA7-4516-8F34-503A94AD8C61}.Release|x86.Build.0 = Release|Win32
		{3ABCD62E-6D92-4226-8EC1-E2786B930B5E}.Debug|x64.ActiveCfg = Debug|x64
		{3ABCD62E-6D92-4226-8EC1-E2786B930B5E}.Debug|x64.Build.0 = Debug|x64
		{3ABCD62E-6D92-4226-8EC1-E2786B930B5E}.Debug|x86.ActiveCfg = Debug|Win32
		{3ABCD62E-6D92-4226-8EC1-E2786B930B5E}.Debug|x86.Build.0 = Debug|Win32
		{3ABCD62E-6D92-4226-8EC1-E2786B930B5E}.Release|x64.ActiveCfg = Release|x64
		{3ABCD62E-6D92-4226-8EC1-E2786B930B5E}.Release|x64.Build.0 = Release|x64
		{3ABCD62E-6D92-4226-8EC1-E2786B930B5E}.Release|x86.ActiveCfg = Release|Win32
		{3ABCD62E-6D92-4226-8EC1-E2786B930B5E}.Release|x86.Build.0 = Release|Win32
		{B23593C3-41EB-4987-83BD-6DD199B12955}.Debug|x64.ActiveCfg = Debug|x64
		{B23593C3-41EB-4987-83BD-6DD199B12955}.Debug|x64.Build.0 = Debug|x64
		{B23593C3-41EB-4987-83BD-6DD199B12955}.Debug|x86.ActiveCfg = Debug|Win32
		{B23593C3-41EB-4987-83BD-6DD199B12955}.Debug|x86.Build.0 = Debug|Win32
		{B23593C3-41EB-4987-83BD-6DD199B12955}.Release|x64.ActiveCfg = Release|x64
		{B23593C3-41EB-4987-83BD-6DD199B12955}.Release|x64.Build.0 = Release|x64
		{B23593C3-41EB-4987-83BD-6DD199B12955}.Release|x86.ActiveCfg = Release|Win32
		{B23593C3-41EB-4987-83BD-6DD199B12955}.Release|x86.Build.0 = Release|Win32
		{0D7CB2FB-C5A4-40A6-BBF5-A8D6A443004C}.Debug|x64.ActiveCfg = Debug|x64
		{0D7CB2FB-C5A4-40A6-BBF5-A8D6A443004C}.Debug|x64.Build.0 = Debug|x64
		{0D7CB2FB-C5A4-40A6-BBF5-A8D6A443004C}.Debug|x86.ActiveCfg = Debug|Win32
		{0D7CB2FB-C5A4-40A6-BBF5-A8D6A443004C}.Debug|x86.Build.0 = Debug|Win32
		{0D7CB2FB-C5A4-40A6-BBF5-A8D6A443004C}.Release|x64.ActiveCfg = Release|x64
		{0D7CB2FB-C5A4-40A6-BBF5-A8D6A443004C}.Release|x64.Build.0 = Release|x64
		{0D7CB2FB-C5A4-40A6-BBF5-A8D6A443004C}.Release|x86.ActiveCfg = Release|Win32
		{0D7CB2FB-C5A4-40A6-BBF5-A8D6A443004C}.Release|x86.Build.0 = Release|Win32
		{62823BDD-3991-467A-A442-3734C57B0F23}.Debug|x64.ActiveCfg = Debug|x64
		{62823BDD-3991-467A-A442-3734C57B0F23}.Debug|x64.Build.0 = Debug|x64
		{62823BDD-3991-467A-A442-3734C57B0F23}.Debug|x86.ActiveCfg = Debug|Win32
		{62823BDD-3991-467A-A442-3734C57B0F23}.Debug|x86.Build.0 = Debug|Win32
		{62823BDD-3991-467A-A442-3734C57B0F23}.Release|x64.ActiveCfg = Release|x64
		{62823BDD-3991-467A-A442-3734C57B0F23}.Release|x64.Build.0 = Release|x64
		{62823BDD-3991-467A-A442-3734C57B0F23}.Release|x86.ActiveCfg = Release|Win32
		{62823BDD-3991-467A-A442-3734C57B0F23}.Release|x86.Build.0 = Release|Win32
		{28085340-35AA-456B-AF29-8437CB7CE561}.Debug|x64.ActiveCfg = Debug|x64
		{28085340-35AA-456B-AF29-8437CB7CE561}.Debug|x64.Build.0 = Debug|x64
		{28085340-35AA-456B-AF29-8437CB7CE561}.Debug|x86.ActiveCfg = Debug|Win32
		{28085340-35AA-456B-AF29-8437CB7CE561}.Debug|x86.Build.0 = Debug|Win32
		{28085340-35AA-456B-AF29-8437CB7CE561}.Release|x64.ActiveCfg = Release|x64
		{28085340-35AA-456B-AF29-8437CB7CE561}.Release|x64.Build.0 = Release|x64
		{28085340-35AA-456B-AF29-8437CB7CE561}.Release|x86.ActiveCfg = Release|Win32
		{28085340-35AA-456B-AF29-8437CB7CE561}.Release|x86.Build.0 = Release|Win32
		{F919E780-E76A-41D3-8691-340FC01C7850}.Debug|x64.ActiveCfg = Debug|x64
		{F919E780-E76A-41D3-8691-340FC01C7850}.Debug|x64.Build.0 = Debug|x64
		{F919E780-E76A-41D3-8691-340FC01C7850}.Debug|x86.ActiveCfg = Debug|Win32
		{F919E780-E76A-41D3-8691-340FC01C7850}.Debug|x86.Build.0 = Debug|Win32
		{F919E780-E76A-41D3-8691-340FC01C7850}.Release|x64.ActiveCfg = Release|x64
		{F919E780-E76A-41D3-8691-340FC01C7850}.Release|x64.Build.0 = Release|x64
		{F919E780-E76A-41D3-8691-340FC01C7850}.Release|x86.ActiveCfg = Release|Win32
		{F919E780-E76A-41D3-8691-340FC01C7850}.Release|x86.Build.0 = Release|Win32
		{DB7E33F2-95BB-460E-8E2B-DC09D8819D02}.Debug|x64.ActiveCfg = Debug|x64
		{DB7E33F2-95BB-460E-8E2B-DC09D8819D02}.Debug|x64.Build.0 = Debug|x64
		{DB7E33F2-95BB-460E-8E2B-DC09D8819D02}.Debug|x86.ActiveCfg = Debug|Win32
		{DB7E33F2-95BB-460E-8E2B-DC09D8819D02}.Debug|x86.Build.0 = Debug|Win32
		{DB7E33F2-95BB-460E-8E2B-DC09D8819D02}.Release|x64.ActiveCfg = Release|x64
		{DB7E33F2-95BB-460E-8E2B-DC09D8819D02}.Release|x64.Build.0 = Release|x64
		{DB7E33F2-95BB-460E-8E2B-DC09D8819D02}.Release|x86.ActiveCfg = Release|Win32
		{DB7E33F2-95BB-460E-8E2B-DC09D8819D02}.Release|x86.Build.0 = Release|Win32
		{79E3A801-9212-4150-83E8-2D84DFFA182A}.Debug|x64.ActiveCfg = Debug|x64
		{79E3A801-9212-4150-83E8-2D84DFFA182A}.Debug|x64.Build.0 = Debug|x64
		{79E3A801-9212-4150-83E8-2D84DFFA182A}.Debug|x86.ActiveCfg = Debug|Win32
		{79E3A801-9212-4150-83E8-2D84DFFA182A}.Debug|x86.Build.0 = Debug|Win32
		{79E3A801-9212-4150-83E8-2D84DFFA182A}.Release|x64.ActiveCfg = Release|x64
		{79E3A801-9212-4150-83E8-2D84DFFA182A}.Release|x64.Build.0 = Release|x64
		{79E3A801-9212-4150-83E8-2D84DFFA182A}.Release|x86.ActiveCfg = Release|Win32
		{79E3A801-9212-4150-83E8-2D84DFFA182A}.Release|x86.Build.0 = Release|Win32
		{6994407D-CE62-418E-AAB3-5268CEE05CE8}.Debug|x64.ActiveCfg = Debug|x64
		{6994407D-CE62-418E-AAB3-5268CEE05CE8}.Debug|x64.Build.0 = Debug|x64
		{6994407D-CE62-418E-AAB3-5268CEE05CE8}.Debug|x86.ActiveCfg = Debug|Win32
		{6994407D-CE62-418E-AAB3-5268CEE05CE8}.Debug|x86.Build.0 = Debug|Win32
		{6994407D-CE62-418E-AAB3-5268CEE05CE8}.Release|x64.ActiveCfg = Release|x64
		{6994407D-CE62-418E-AAB3-5268CEE05CE8}.Release|x64.Build.0 = Release|x64
		{6994407D-CE62-418E-AAB3-5268CEE05CE8}.Release|x86.ActiveCfg = Release|Win32
		{6994407D-CE62-418E-AAB3-5268CEE05CE8}.Release|x86.Build.0 = Release|Win32
		{8ADBD98B-833E-48A1-9259-FFC61DD27A9B}.Debug|x64.ActiveCfg = Debug|x64
		{8ADBD98B-833E-48A1-9259-FFC61DD27A9B}.Debug|x64.Build.0 = Debug|x64
		{8ADBD98B-833E-48A1-9259-FFC61DD27A9B}.Debug|x86.ActiveCfg = Debug|Win32
		{8ADBD98B-833E-48A1-9259-FFC61DD27A9B}.Debug|x86.Build.0 = Debug|Win32
		{8ADBD98B-833E-48A1-9259-FFC61DD27A9B}.Release|x64.ActiveCfg = Release|x64
		{8ADBD98B-833E-48A1-9259-FFC61DD27A9B}.Release|x64.Build.0 = Release|x64
		{8ADBD98B-833E-48A1-9259-FFC61DD27A9B}.Release|x86.ActiveCfg = Release|Win32
		{8ADBD98B-833E-48A1-9259-FFC61DD27A9B}.Release|x86.Build.0 = Release|Win32
		{D0F64BEC-D5C5-472A-8DA9-9B154F43F4B9}.Debug|x64.ActiveCfg = Debug|x64
		{D0F64BEC-D5C5-472A-8DA9-9B154F43F4B9}.Debug|x64.Build.0 = Debug|x64
		{D0F64BEC-D5C5-472A-8DA9-9B154F43F4B9}.Debug|x86.ActiveCfg = Debug|Win32
		{D0F64BEC-D5C5-472A-8DA9-9B154F43F4B9}.Debug|x86.Build.0 = Debug|Win32
		{D0F64BEC-D5C5-472A-8DA9-9B154F43F4B9}.Release|x64.ActiveCfg = Release|x64
		{D0F64BEC-D5C5-472A-8DA9-9B154F43F4B9}.Release|x64.Build.0 = Release|x64
		{D0F64BEC-D5C5-472A-8DA9-9B154F43F4B9}.Release|x86.ActiveCfg = Release|Win32
		{D0F64BEC-D5C5-472A-8DA9-9B154F43F4B9}.Release|x86.Build.0 = Release|Win32
		{5F10CC0A-5473-4517-B49C-BFB1A8774404}.Debug|x64.ActiveCfg = Debug|x64
		{5F10CC0A-5473-4517-B49C-BFB1A8774404}.Debug|x64.Build.0 = Debug|x64
		{5F10CC0A-5473-4517-B49C-BFB1A8774404}.Debug|x86.ActiveCfg = Debug|Win32
		{5F10CC0A-5473-4517-B49C-BFB1A8774404}.Debug|x86.Build.0 = Debug|Win32
		{5F10CC0A-5473-4517-B49C-BFB1A8774404}.Release|x64.ActiveCfg = Release|x64
		{5F10CC0A-5473-4517-B49C-BFB1A8774404}.Release|x64.Build.0 = Release|x64
		{5F10CC0A-5473-4517-B49C-BFB1A8774404}.Release|x86.ActiveCfg = Release|Win32
		{5F10CC0A-5473-4517-B49C-BFB1A8774404}.Release|x86.Build.0 = Release|Win32
		{DAD275E8-1C91-4C7D-BB9E-C5FCE7564BAC}.Debug|x64.ActiveCfg = Debug|x64
		{DAD275E8-1C91-4C7D-BB9E-C5FCE7564BAC}.Debug|x64.Build.0 = Debug|x64
		{DAD275E8-1C91-4C7D-BB9E-C5FCE7564BAC}.Debug|x86.ActiveCfg = Debug|Win32
		{DAD275E8-1C91-4C7D-BB9E-C5FCE7564BAC}.Debug|x86.Build.0 = Debug|Win32
		{DAD275E8-1C91-4C7D-BB9E-C5FCE7564BAC}.Release|x64.ActiveCfg = Release|x64
		{DAD275E8-1C91-4C7D-BB9E-C5FCE7564BAC}.Release|x64.Build.0 = Release|x64
		{DAD275E8-1C91-4C7D-BB9E-C5FCE7564BAC}.Release|x86.ActiveCfg = Release|Win32
		{DAD275E8-1C91-4C7D-BB9E-C5FCE7564BAC}.Release|x86.Build.0 = Release|Win32
		{FFBC8AEE-D9AB-4DB6-AB47-28A519B55552}.Debug|x64.ActiveCfg = Debug|x64
		{FFBC8AEE-D9AB-4DB6-AB47-28A519B55552}.Debug|x64.Build.0 = Debug|x64
		{FFBC8AEE-D9AB-4DB6-AB47-28A519B55552}.Debug|x86.ActiveCfg = Debug|Win32
		{FFBC8AEE-D9AB-4DB6-AB47-28A519B55552}.Debug|x86.Build.0 = Debug|Win32
		{FFBC8AEE-D9AB-4DB6-AB47-28A519B55552}.Release|x64.ActiveCfg = Release|x64
		{FFBC8AEE-D9AB-4DB6-AB47-28A519B55552}.Release|x64.Build.0 = Release|x64
		{FFBC8AEE-D9AB-4DB6-AB47-28A519B55552}.Release|x86.ActiveCfg = Release|Win32
		{FFBC8AEE-D9AB-4DB6-AB47-28A519B55552}.Release|x86.Build.0 = Release|Win32
		{1777ABBE-EC62-4B45-BF5B-67B9CCB12248}.Debug|x64.ActiveCfg = Debug|x64
		{1777ABBE-EC62-4B45-BF5B-67B9CCB12248}.Debug|x64.Build.0 = Debug|x64
		{1777ABBE-EC62-4B45-BF5B-67B9CCB12248}.Debug|x86.ActiveCfg = Debug|Win32
		{1777ABBE-EC62-4B45-BF5B-67B9CCB12248}.Debug|x86.Build.0 = Debug|Win32
		{1777ABBE-EC62-4B45-BF5B-67B9CCB12248}.Release|x64.ActiveCfg = Release|x64
		{1777ABBE-EC62-4B45-BF5B-67B9CCB12248}.Release|x64.Build.0 = Release|x64
		{1777ABBE-EC62-4B45-BF5B-67B9CCB12248}.Release|x86.ActiveCfg = Release|Win32
		{1777ABBE-EC62-4B45-BF5B-67B9CCB12248}.Release|x86.Build.0 = Release|Win32
		{FE8D03FC-64EF-4FA1-BD3D-1C779ED07E78}.Debug|x64.ActiveCfg = Debug|x64
		{FE8D03FC-64EF-4FA1-BD3D-1C779ED07E78}.Debug|x64.Build.0 = Debug|x64
		{FE8D03FC-64EF-4FA1-BD3D-1C779ED07E78}.Debug|x86.ActiveCfg = Debug|Win32
		{FE8D03FC-64EF-4FA1-BD3D-1C779ED07E78}.Debug|x86.Build.0 = Debug|Win32
		{FE8D03FC-64EF-4FA1-BD3D-1C779ED07E78}.Release|x64.ActiveCfg = Release|x64
		{FE8D03FC-64EF-4FA1-BD3D-1C779ED07E78}.Release|x64.Build.0 = Release|x64
		{FE8D03FC-64EF-4FA1-BD3D-1C779ED07E78}.Release|x86.ActiveCfg = Release|Win32
		{FE8D03FC-64EF-4FA1-BD3D-1C779ED07E78}.Release|x86.Build.0 = Release|Win32
		{9A55B18A-CECD-4456-AB5A-CEBD6F9F86DA}.Debug|x64.ActiveCfg = Debug|x64
		{9A55B18A-CECD-4456-AB5A-CEBD6F9F86DA}.Debug|x64.Build.0 = Debug|x64
		{9A55B18A-CECD-4456-AB5A-CEBD6F9F86DA}.Debug|x86.ActiveCfg = Debug|Win32
		{9A55B18A-CECD-4456-AB5A-CEBD6F9F86DA}.Debug|x86.Build.0 = Debug|Win32
		{9A55B18A-CECD-4456-AB5A-CEBD6F9F86DA}.Release|x64.ActiveCfg = Release|x64
		{9A55B18A-CECD-4456-AB5A-CEBD6F9F86DA}.Release|x64.Build.0 = Release|x64
		{9A55B18A-CECD-4456-AB5A-CEBD6F9F86DA}.Release|x86.ActiveCfg = Release|Win32
		{9A55B18A-CECD-4456-AB5A-CEBD6F9F86DA}.Release|x86.Build.0 = Release|Win32
		{21A09557-5641-4FC9-B8F7-60F24D52C277}.Debug|x64.ActiveCfg = Debug|x64
		{21A09557-5641-4FC9-B8F7-60F24D52C277}.Debug|x64.Build.0 = Debug|x64
		{21A09557-5641-4FC9-B8F7-60F24D52C277}.Debug|x86.ActiveCfg = Debug|Win32
		{21A09557-5641-4FC9-B8F7-60F24D52C277}.Debug|x86.Build.0 = Debug|Win32
		{21A09557-5641-4FC9-B8F7-60F24D52C277}.Release|x64.ActiveCfg = Release|x64
		{21A09557-5641-4FC9-B8F7-60F24D52C277}.Release|x64.Build.0 = Release|x64
		{21A09557-5641-4FC9-B8F7-60F24D52C277}.Release|x86.ActiveCfg = Release|Win32
		{21A09557-5641-4FC9-B8F7-60F24D52C277}.Release|x86.Build.0 = Release|Win32
	EndGlobalSection
	GlobalSection(SolutionProperties) = preSolution
		HideSolutionNode = FALSE
	EndGlobalSection
	GlobalSection(ExtensibilityGlobals) = postSolution
		SolutionGuid = {2E8F2ACB-1A38-492B-B62A-40C987ADAD19}
	EndGlobalSection
EndGlobal
